// !$*UTF8*$!
{
	archiveVersion = 1;
	classes = {
	};
	objectVersion = 77;
	objects = {

/* Begin PBXBuildFile section */
		06D7AA444FFD647D6F9D8A66 /* EnemyArchetype.swift in Sources */ = {isa = PBXBuildFile; fileRef = 305150C47D8DD1D861787E17 /* EnemyArchetype.swift */; };
		06FDFAF0160670AE64F8FC51 /* EndlessState.swift in Sources */ = {isa = PBXBuildFile; fileRef = B34F975F3B719D37F44A72EC /* EndlessState.swift */; };
		08697E81EF62925D9653413C /* EnemyAITests.swift in Sources */ = {isa = PBXBuildFile; fileRef = 437A7928BAF8066853046E38 /* EnemyAITests.swift */; };
		13B377CA3992E5720CFC84EB /* EndlessSceneView.swift in Sources */ = {isa = PBXBuildFile; fileRef = 21431A94B476FAA02F39979F /* EndlessSceneView.swift */; };
		188EEBB3A3A59A4403EEBB22 /* Constants.swift in Sources */ = {isa = PBXBuildFile; fileRef = 3F27D23EB7E5AC5FD9DC6D0A /* Constants.swift */; };
		23CABFFBBF682F7EC7BF2D59 /* RaceSceneView.swift in Sources */ = {isa = PBXBuildFile; fileRef = 35263B3A9772D144A8AAD84F /* RaceSceneView.swift */; };
		2949CC21BDCF89F9D9873745 /* AchievementEvaluator.swift in Sources */ = {isa = PBXBuildFile; fileRef = 5878D8865212500D00A51416 /* AchievementEvaluator.swift */; };
		2A62C35A879574622CA4089C /* PlayerStatsState.swift in Sources */ = {isa = PBXBuildFile; fileRef = 8DE4513A311E057131FAB326 /* PlayerStatsState.swift */; };
		2D9493FD86DC65A5A79CBC82 /* CombatComponent.swift in Sources */ = {isa = PBXBuildFile; fileRef = 22F6DB6AC6136F4244D84037 /* CombatComponent.swift */; };
		301AA909D928A77C09E5E15F /* EnemyRider.swift in Sources */ = {isa = PBXBuildFile; fileRef = 996DBCC4AB0E7F19D155D5F6 /* EnemyRider.swift */; };
		311177062C34026E546B25FE /* RaceControlsOverlay.swift in Sources */ = {isa = PBXBuildFile; fileRef = CFB8C0994545FB15590529AC /* RaceControlsOverlay.swift */; };
		35F903A18F82EE03E59CCEA1 /* EndlessView.swift in Sources */ = {isa = PBXBuildFile; fileRef = 70857814EC930DE4BA82B082 /* EndlessView.swift */; };
		362FC7BFD9FF2C157ACB478C /* BikeModel.swift in Sources */ = {isa = PBXBuildFile; fileRef = 07D1E12FC94478BB4D865DED /* BikeModel.swift */; };
		3EFB31206308DAC3960CF30B /* RaceController.swift in Sources */ = {isa = PBXBuildFile; fileRef = D42D2A4A2B023C7CD95E24ED /* RaceController.swift */; };
		3F7A7ED6812DADA2293112A0 /* EndlessHUDView.swift in Sources */ = {isa = PBXBuildFile; fileRef = 7FE7FEFD97DB4FAFA7A95DA1 /* EndlessHUDView.swift */; };
		41A38F09B87186DAA2373A7D /* CareerStateTests.swift in Sources */ = {isa = PBXBuildFile; fileRef = AA052E17664FCFDCA68618FF /* CareerStateTests.swift */; };
		44977D94DF098D89F6BB99BF /* EndlessResult.swift in Sources */ = {isa = PBXBuildFile; fileRef = F42D39B677554B10D98890AF /* EndlessResult.swift */; };
		48619D5273298EB57B91ECFF /* CareerModels.swift in Sources */ = {isa = PBXBuildFile; fileRef = 2F4789AC54C5728B40872817 /* CareerModels.swift */; };
		489468662EB5F4750936C040 /* HUDView.swift in Sources */ = {isa = PBXBuildFile; fileRef = A0D471C7A642F27CE2EFBC88 /* HUDView.swift */; };
		4A7006FAA5331CCA8171D704 /* AudioService.swift in Sources */ = {isa = PBXBuildFile; fileRef = D67C1E0C5F5E49CAFA9BF094 /* AudioService.swift */; };
		53B8D27A21453F2732CFE0FD /* MenuView.swift in Sources */ = {isa = PBXBuildFile; fileRef = 9B938D385143363E01155FD9 /* MenuView.swift */; };
		541CB1807A3CA30927123176 /* RaceControllerSmokeTests.swift in Sources */ = {isa = PBXBuildFile; fileRef = 1B8561E8D9BB9632C257B875 /* RaceControllerSmokeTests.swift */; };
		56B3713799FE083B85357B10 /* RoadSegment.swift in Sources */ = {isa = PBXBuildFile; fileRef = C2968A81A8367A717FD73DEC /* RoadSegment.swift */; };
		587DE66784E83DAADCA7A382 /* StoreService.swift in Sources */ = {isa = PBXBuildFile; fileRef = 307FD4654CD201CCD14E6179 /* StoreService.swift */; };
		596A482DCC84E443CAD79156 /* GarageTests.swift in Sources */ = {isa = PBXBuildFile; fileRef = A89A2E8266738B300E763CAB /* GarageTests.swift */; };
		5B8416EC68B99256E88BC858 /* HitReaction.swift in Sources */ = {isa = PBXBuildFile; fileRef = 2DCAE05B9737E1A2D0238074 /* HitReaction.swift */; };
		5C6B68DF6CC573FAD566704B /* RoadBuilder.swift in Sources */ = {isa = PBXBuildFile; fileRef = F5089D9F7ACC1588A143168F /* RoadBuilder.swift */; };
		6847EC9CBC1DD941C5E1800B /* GarageView.swift in Sources */ = {isa = PBXBuildFile; fileRef = ADEEACC855DF4D7C7B88F3F6 /* GarageView.swift */; };
		684C4632DBE28A3DD6E04508 /* StoreProductIDTests.swift in Sources */ = {isa = PBXBuildFile; fileRef = 61E90E1782502D4F68D515DB /* StoreProductIDTests.swift */; };
		6F55A1AC2BDCC3A605D1582E /* RivalProfile.swift in Sources */ = {isa = PBXBuildFile; fileRef = 903052158492A9E162DC357C /* RivalProfile.swift */; };
		713C9CF9798BEE92616B14B0 /* FinishView.swift in Sources */ = {isa = PBXBuildFile; fileRef = F63BD9118A2101EF4E18C1A5 /* FinishView.swift */; };
		71BD7D054F2BC7C5A799D184 /* HapticsService.swift in Sources */ = {isa = PBXBuildFile; fileRef = 012CC3F49D62C59E2FAA5303 /* HapticsService.swift */; };
		71E2A505751DDB42829FE967 /* EndlessController.swift in Sources */ = {isa = PBXBuildFile; fileRef = 51CA1A1A29FE941F565B9E2C /* EndlessController.swift */; };
		72794ED3EA7655BB12450F34 /* GarageState.swift in Sources */ = {isa = PBXBuildFile; fileRef = B9C7B8F28E8E4B25BDDC21AE /* GarageState.swift */; };
		7E77DD3567692103DCF96BAB /* BikePhysicsTests.swift in Sources */ = {isa = PBXBuildFile; fileRef = E547C27D7FE08A9AC97AC45D /* BikePhysicsTests.swift */; };
		80BB8F719E2C3F155E42102A /* EndlessTests.swift in Sources */ = {isa = PBXBuildFile; fileRef = 09549C4BC32E0F9BEDD5B6B7 /* EndlessTests.swift */; };
		862728461D65B80C30E6C105 /* TrafficVehicle.swift in Sources */ = {isa = PBXBuildFile; fileRef = 76AF734B734F904D6AE3544F /* TrafficVehicle.swift */; };
		8840172020104C6340968B8B /* BikeTuning.swift in Sources */ = {isa = PBXBuildFile; fileRef = 5B2B292300B2E53DACDEAE45 /* BikeTuning.swift */; };
		895B8694BBF8C9415E4C5A3D /* CareerState.swift in Sources */ = {isa = PBXBuildFile; fileRef = C6ABD97373BC1802A9EEE2E5 /* CareerState.swift */; };
		8DBF282A7DB7F0345F98849B /* BikeEntity.swift in Sources */ = {isa = PBXBuildFile; fileRef = B05C6A9CE9FC47ADCD209542 /* BikeEntity.swift */; };
		9034B63E8D2CA4476BA00F54 /* RaceConfiguration.swift in Sources */ = {isa = PBXBuildFile; fileRef = DC3BD1A58DB7686C60A5E3B4 /* RaceConfiguration.swift */; };
		9473395FE1D6970E55F859AD /* GameCenterModels.swift in Sources */ = {isa = PBXBuildFile; fileRef = 55891B4533B82D6169608BB9 /* GameCenterModels.swift */; };
		97726D7F6C2260291F272E07 /* Assets.xcassets in Resources */ = {isa = PBXBuildFile; fileRef = C998CD54553AB5230B4AA16E /* Assets.xcassets */; };
		9BD27EE4624583240859B26E /* GameCenterService.swift in Sources */ = {isa = PBXBuildFile; fileRef = 12616837C5A6D5D46C16275A /* GameCenterService.swift */; };
		9EB81708A8C5368E4E221354 /* EndlessResultView.swift in Sources */ = {isa = PBXBuildFile; fileRef = 6A324A19F4E93EF833187817 /* EndlessResultView.swift */; };
		9FA43A79DF335B586160D877 /* GameState.swift in Sources */ = {isa = PBXBuildFile; fileRef = 12F2FE67A01AEFE52FBDE208 /* GameState.swift */; };
		9FEA8429FF46FC2C7EE3D4DC /* CareerContent.swift in Sources */ = {isa = PBXBuildFile; fileRef = D3060510905B6662D9EB7488 /* CareerContent.swift */; };
		A0D874B1C0718D691D76A2D3 /* StoreProductID.swift in Sources */ = {isa = PBXBuildFile; fileRef = 7EC0250D7B692F485674C67D /* StoreProductID.swift */; };
		A241CD01FE1C2A9990B0D248 /* RaceView.swift in Sources */ = {isa = PBXBuildFile; fileRef = A1C09B3E282C56101BC549C5 /* RaceView.swift */; };
		A85170B972075057C25FA7F5 /* GameLoop.swift in Sources */ = {isa = PBXBuildFile; fileRef = E1692C3D05D91C1E0705F6D9 /* GameLoop.swift */; };
		AF0777FC2FAFE9D234CB88C4 /* CareerMapView.swift in Sources */ = {isa = PBXBuildFile; fileRef = 9E92ADDCC1C365D083F1F645 /* CareerMapView.swift */; };
		B18E592294DBF89818283A1A /* RoadRebelsApp.swift in Sources */ = {isa = PBXBuildFile; fileRef = 8596600C94C3D1B62D888A4D /* RoadRebelsApp.swift */; };
		B50B53E930B6B637B1B87D92 /* BikePhysics.swift in Sources */ = {isa = PBXBuildFile; fileRef = 7479E881C993429E177DDE96 /* BikePhysics.swift */; };
		BB7A92D33FA32A73B378227B /* GameCenterView.swift in Sources */ = {isa = PBXBuildFile; fileRef = 391A0FC01370BBE04262BAA6 /* GameCenterView.swift */; };
		BCD839F90FD536E37DF5E2B7 /* TrafficManager.swift in Sources */ = {isa = PBXBuildFile; fileRef = 8B2AA40362A824C188EC9EEE /* TrafficManager.swift */; };
		CB9A51D1A35C084E5395DEA3 /* EndlessControlsOverlay.swift in Sources */ = {isa = PBXBuildFile; fileRef = C0E78B220B59D6F81A350426 /* EndlessControlsOverlay.swift */; };
		CCBE9863A8A2AD69B1344D18 /* BikeInput.swift in Sources */ = {isa = PBXBuildFile; fileRef = E561C43ADF8850900BDDB09C /* BikeInput.swift */; };
		CCD7B6A5129E4C738E9C0D04 /* EnemyAIState.swift in Sources */ = {isa = PBXBuildFile; fileRef = 325B5C799497641B17A118DF /* EnemyAIState.swift */; };
		D6515EC86BE7567D82DB76CC /* SaveManager.swift in Sources */ = {isa = PBXBuildFile; fileRef = 84B330CECD6625D158DFE8A4 /* SaveManager.swift */; };
		DC64A7E21EB1F1EF7D0624DC /* ImpactEffects.swift in Sources */ = {isa = PBXBuildFile; fileRef = 0E2467FFC4862EF8F80820FA /* ImpactEffects.swift */; };
		E2B42ADC9530765B44126BEC /* ProgressionCoordinator.swift in Sources */ = {isa = PBXBuildFile; fileRef = A797DB12F7B226EBDD90B342 /* ProgressionCoordinator.swift */; };
		E548BD0ACA3B4E1D48EE5C0A /* PurchaseCoordinator.swift in Sources */ = {isa = PBXBuildFile; fileRef = D00B06F32EE232F812D63587 /* PurchaseCoordinator.swift */; };
		E73D988408566E6688FFE402 /* StoreView.swift in Sources */ = {isa = PBXBuildFile; fileRef = E1035C7E65D243E060E26335 /* StoreView.swift */; };
		EF47C6AE8DBB3A43043E3C4A /* AchievementEvaluatorTests.swift in Sources */ = {isa = PBXBuildFile; fileRef = 9A18616CFB0376D829326BCA /* AchievementEvaluatorTests.swift */; };
		F7C3EEA5E04ED0F98CF30257 /* RootView.swift in Sources */ = {isa = PBXBuildFile; fileRef = 7FE285B2E6A966478EB1D281 /* RootView.swift */; };
		F867DE3235115D66632D18E3 /* ChaseCameraController.swift in Sources */ = {isa = PBXBuildFile; fileRef = 83A60AE4D0FDF0946AAF01B9 /* ChaseCameraController.swift */; };
/* End PBXBuildFile section */

/* Begin PBXContainerItemProxy section */
		5BACE77F43E30E9E058D5587 /* PBXContainerItemProxy */ = {
			isa = PBXContainerItemProxy;
			containerPortal = AC5D4D6B5FD016CF0D5CE467 /* Project object */;
			proxyType = 1;
			remoteGlobalIDString = 27582C28D83D47E5152355B6;
			remoteInfo = RoadRebels;
		};
/* End PBXContainerItemProxy section */

/* Begin PBXFileReference section */
		012CC3F49D62C59E2FAA5303 /* HapticsService.swift */ = {isa = PBXFileReference; lastKnownFileType = sourcecode.swift; path = HapticsService.swift; sourceTree = "<group>"; };
		07D1E12FC94478BB4D865DED /* BikeModel.swift */ = {isa = PBXFileReference; lastKnownFileType = sourcecode.swift; path = BikeModel.swift; sourceTree = "<group>"; };
		09549C4BC32E0F9BEDD5B6B7 /* EndlessTests.swift */ = {isa = PBXFileReference; lastKnownFileType = sourcecode.swift; path = EndlessTests.swift; sourceTree = "<group>"; };
		0E2467FFC4862EF8F80820FA /* ImpactEffects.swift */ = {isa = PBXFileReference; lastKnownFileType = sourcecode.swift; path = ImpactEffects.swift; sourceTree = "<group>"; };
		12616837C5A6D5D46C16275A /* GameCenterService.swift */ = {isa = PBXFileReference; lastKnownFileType = sourcecode.swift; path = GameCenterService.swift; sourceTree = "<group>"; };
		12F2FE67A01AEFE52FBDE208 /* GameState.swift */ = {isa = PBXFileReference; lastKnownFileType = sourcecode.swift; path = GameState.swift; sourceTree = "<group>"; };
		1B8561E8D9BB9632C257B875 /* RaceControllerSmokeTests.swift */ = {isa = PBXFileReference; lastKnownFileType = sourcecode.swift; path = RaceControllerSmokeTests.swift; sourceTree = "<group>"; };
		1ECA971E121375FEFD29F247 /* Info.plist */ = {isa = PBXFileReference; lastKnownFileType = text.plist; path = Info.plist; sourceTree = "<group>"; };
		21431A94B476FAA02F39979F /* EndlessSceneView.swift */ = {isa = PBXFileReference; lastKnownFileType = sourcecode.swift; path = EndlessSceneView.swift; sourceTree = "<group>"; };
		22F6DB6AC6136F4244D84037 /* CombatComponent.swift */ = {isa = PBXFileReference; lastKnownFileType = sourcecode.swift; path = CombatComponent.swift; sourceTree = "<group>"; };
		2DCAE05B9737E1A2D0238074 /* HitReaction.swift */ = {isa = PBXFileReference; lastKnownFileType = sourcecode.swift; path = HitReaction.swift; sourceTree = "<group>"; };
		2F4789AC54C5728B40872817 /* CareerModels.swift */ = {isa = PBXFileReference; lastKnownFileType = sourcecode.swift; path = CareerModels.swift; sourceTree = "<group>"; };
		305150C47D8DD1D861787E17 /* EnemyArchetype.swift */ = {isa = PBXFileReference; lastKnownFileType = sourcecode.swift; path = EnemyArchetype.swift; sourceTree = "<group>"; };
		307FD4654CD201CCD14E6179 /* StoreService.swift */ = {isa = PBXFileReference; lastKnownFileType = sourcecode.swift; path = StoreService.swift; sourceTree = "<group>"; };
		325B5C799497641B17A118DF /* EnemyAIState.swift */ = {isa = PBXFileReference; lastKnownFileType = sourcecode.swift; path = EnemyAIState.swift; sourceTree = "<group>"; };
		35263B3A9772D144A8AAD84F /* RaceSceneView.swift */ = {isa = PBXFileReference; lastKnownFileType = sourcecode.swift; path = RaceSceneView.swift; sourceTree = "<group>"; };
		391A0FC01370BBE04262BAA6 /* GameCenterView.swift */ = {isa = PBXFileReference; lastKnownFileType = sourcecode.swift; path = GameCenterView.swift; sourceTree = "<group>"; };
		399F81DD3A82D49C928543C7 /* RoadRebelsTests.xctest */ = {isa = PBXFileReference; includeInIndex = 0; lastKnownFileType = wrapper.cfbundle; path = RoadRebelsTests.xctest; sourceTree = BUILT_PRODUCTS_DIR; };
		3F27D23EB7E5AC5FD9DC6D0A /* Constants.swift */ = {isa = PBXFileReference; lastKnownFileType = sourcecode.swift; path = Constants.swift; sourceTree = "<group>"; };
		437A7928BAF8066853046E38 /* EnemyAITests.swift */ = {isa = PBXFileReference; lastKnownFileType = sourcecode.swift; path = EnemyAITests.swift; sourceTree = "<group>"; };
		51CA1A1A29FE941F565B9E2C /* EndlessController.swift */ = {isa = PBXFileReference; lastKnownFileType = sourcecode.swift; path = EndlessController.swift; sourceTree = "<group>"; };
		55891B4533B82D6169608BB9 /* GameCenterModels.swift */ = {isa = PBXFileReference; lastKnownFileType = sourcecode.swift; path = GameCenterModels.swift; sourceTree = "<group>"; };
		5878D8865212500D00A51416 /* AchievementEvaluator.swift */ = {isa = PBXFileReference; lastKnownFileType = sourcecode.swift; path = AchievementEvaluator.swift; sourceTree = "<group>"; };
		5B2B292300B2E53DACDEAE45 /* BikeTuning.swift */ = {isa = PBXFileReference; lastKnownFileType = sourcecode.swift; path = BikeTuning.swift; sourceTree = "<group>"; };
		61E90E1782502D4F68D515DB /* StoreProductIDTests.swift */ = {isa = PBXFileReference; lastKnownFileType = sourcecode.swift; path = StoreProductIDTests.swift; sourceTree = "<group>"; };
		6A324A19F4E93EF833187817 /* EndlessResultView.swift */ = {isa = PBXFileReference; lastKnownFileType = sourcecode.swift; path = EndlessResultView.swift; sourceTree = "<group>"; };
		70857814EC930DE4BA82B082 /* EndlessView.swift */ = {isa = PBXFileReference; lastKnownFileType = sourcecode.swift; path = EndlessView.swift; sourceTree = "<group>"; };
		7479E881C993429E177DDE96 /* BikePhysics.swift */ = {isa = PBXFileReference; lastKnownFileType = sourcecode.swift; path = BikePhysics.swift; sourceTree = "<group>"; };
		76AF734B734F904D6AE3544F /* TrafficVehicle.swift */ = {isa = PBXFileReference; lastKnownFileType = sourcecode.swift; path = TrafficVehicle.swift; sourceTree = "<group>"; };
		7EC0250D7B692F485674C67D /* StoreProductID.swift */ = {isa = PBXFileReference; lastKnownFileType = sourcecode.swift; path = StoreProductID.swift; sourceTree = "<group>"; };
		7FE285B2E6A966478EB1D281 /* RootView.swift */ = {isa = PBXFileReference; lastKnownFileType = sourcecode.swift; path = RootView.swift; sourceTree = "<group>"; };
		7FE7FEFD97DB4FAFA7A95DA1 /* EndlessHUDView.swift */ = {isa = PBXFileReference; lastKnownFileType = sourcecode.swift; path = EndlessHUDView.swift; sourceTree = "<group>"; };
		83A60AE4D0FDF0946AAF01B9 /* ChaseCameraController.swift */ = {isa = PBXFileReference; lastKnownFileType = sourcecode.swift; path = ChaseCameraController.swift; sourceTree = "<group>"; };
		84B330CECD6625D158DFE8A4 /* SaveManager.swift */ = {isa = PBXFileReference; lastKnownFileType = sourcecode.swift; path = SaveManager.swift; sourceTree = "<group>"; };
		8596600C94C3D1B62D888A4D /* RoadRebelsApp.swift */ = {isa = PBXFileReference; lastKnownFileType = sourcecode.swift; path = RoadRebelsApp.swift; sourceTree = "<group>"; };
		8B2AA40362A824C188EC9EEE /* TrafficManager.swift */ = {isa = PBXFileReference; lastKnownFileType = sourcecode.swift; path = TrafficManager.swift; sourceTree = "<group>"; };
		8DE4513A311E057131FAB326 /* PlayerStatsState.swift */ = {isa = PBXFileReference; lastKnownFileType = sourcecode.swift; path = PlayerStatsState.swift; sourceTree = "<group>"; };
		903052158492A9E162DC357C /* RivalProfile.swift */ = {isa = PBXFileReference; lastKnownFileType = sourcecode.swift; path = RivalProfile.swift; sourceTree = "<group>"; };
		996DBCC4AB0E7F19D155D5F6 /* EnemyRider.swift */ = {isa = PBXFileReference; lastKnownFileType = sourcecode.swift; path = EnemyRider.swift; sourceTree = "<group>"; };
		9A18616CFB0376D829326BCA /* AchievementEvaluatorTests.swift */ = {isa = PBXFileReference; lastKnownFileType = sourcecode.swift; path = AchievementEvaluatorTests.swift; sourceTree = "<group>"; };
		9B938D385143363E01155FD9 /* MenuView.swift */ = {isa = PBXFileReference; lastKnownFileType = sourcecode.swift; path = MenuView.swift; sourceTree = "<group>"; };
		9E92ADDCC1C365D083F1F645 /* CareerMapView.swift */ = {isa = PBXFileReference; lastKnownFileType = sourcecode.swift; path = CareerMapView.swift; sourceTree = "<group>"; };
		A0D471C7A642F27CE2EFBC88 /* HUDView.swift */ = {isa = PBXFileReference; lastKnownFileType = sourcecode.swift; path = HUDView.swift; sourceTree = "<group>"; };
		A1C09B3E282C56101BC549C5 /* RaceView.swift */ = {isa = PBXFileReference; lastKnownFileType = sourcecode.swift; path = RaceView.swift; sourceTree = "<group>"; };
		A797DB12F7B226EBDD90B342 /* ProgressionCoordinator.swift */ = {isa = PBXFileReference; lastKnownFileType = sourcecode.swift; path = ProgressionCoordinator.swift; sourceTree = "<group>"; };
		A89A2E8266738B300E763CAB /* GarageTests.swift */ = {isa = PBXFileReference; lastKnownFileType = sourcecode.swift; path = GarageTests.swift; sourceTree = "<group>"; };
		AA052E17664FCFDCA68618FF /* CareerStateTests.swift */ = {isa = PBXFileReference; lastKnownFileType = sourcecode.swift; path = CareerStateTests.swift; sourceTree = "<group>"; };
		ADEEACC855DF4D7C7B88F3F6 /* GarageView.swift */ = {isa = PBXFileReference; lastKnownFileType = sourcecode.swift; path = GarageView.swift; sourceTree = "<group>"; };
		B05C6A9CE9FC47ADCD209542 /* BikeEntity.swift */ = {isa = PBXFileReference; lastKnownFileType = sourcecode.swift; path = BikeEntity.swift; sourceTree = "<group>"; };
		B34F975F3B719D37F44A72EC /* EndlessState.swift */ = {isa = PBXFileReference; lastKnownFileType = sourcecode.swift; path = EndlessState.swift; sourceTree = "<group>"; };
		B9C7B8F28E8E4B25BDDC21AE /* GarageState.swift */ = {isa = PBXFileReference; lastKnownFileType = sourcecode.swift; path = GarageState.swift; sourceTree = "<group>"; };
		C0E78B220B59D6F81A350426 /* EndlessControlsOverlay.swift */ = {isa = PBXFileReference; lastKnownFileType = sourcecode.swift; path = EndlessControlsOverlay.swift; sourceTree = "<group>"; };
		C2968A81A8367A717FD73DEC /* RoadSegment.swift */ = {isa = PBXFileReference; lastKnownFileType = sourcecode.swift; path = RoadSegment.swift; sourceTree = "<group>"; };
		C6ABD97373BC1802A9EEE2E5 /* CareerState.swift */ = {isa = PBXFileReference; lastKnownFileType = sourcecode.swift; path = CareerState.swift; sourceTree = "<group>"; };
		C998CD54553AB5230B4AA16E /* Assets.xcassets */ = {isa = PBXFileReference; lastKnownFileType = folder.assetcatalog; path = Assets.xcassets; sourceTree = "<group>"; };
		CAB2EA57295C626BB5D21850 /* RoadRebels.app */ = {isa = PBXFileReference; includeInIndex = 0; lastKnownFileType = wrapper.application; path = RoadRebels.app; sourceTree = BUILT_PRODUCTS_DIR; };
		CFB8C0994545FB15590529AC /* RaceControlsOverlay.swift */ = {isa = PBXFileReference; lastKnownFileType = sourcecode.swift; path = RaceControlsOverlay.swift; sourceTree = "<group>"; };
		D00B06F32EE232F812D63587 /* PurchaseCoordinator.swift */ = {isa = PBXFileReference; lastKnownFileType = sourcecode.swift; path = PurchaseCoordinator.swift; sourceTree = "<group>"; };
		D3060510905B6662D9EB7488 /* CareerContent.swift */ = {isa = PBXFileReference; lastKnownFileType = sourcecode.swift; path = CareerContent.swift; sourceTree = "<group>"; };
		D42D2A4A2B023C7CD95E24ED /* RaceController.swift */ = {isa = PBXFileReference; lastKnownFileType = sourcecode.swift; path = RaceController.swift; sourceTree = "<group>"; };
		D67C1E0C5F5E49CAFA9BF094 /* AudioService.swift */ = {isa = PBXFileReference; lastKnownFileType = sourcecode.swift; path = AudioService.swift; sourceTree = "<group>"; };
		DC3BD1A58DB7686C60A5E3B4 /* RaceConfiguration.swift */ = {isa = PBXFileReference; lastKnownFileType = sourcecode.swift; path = RaceConfiguration.swift; sourceTree = "<group>"; };
		E1035C7E65D243E060E26335 /* StoreView.swift */ = {isa = PBXFileReference; lastKnownFileType = sourcecode.swift; path = StoreView.swift; sourceTree = "<group>"; };
		E1692C3D05D91C1E0705F6D9 /* GameLoop.swift */ = {isa = PBXFileReference; lastKnownFileType = sourcecode.swift; path = GameLoop.swift; sourceTree = "<group>"; };
		E547C27D7FE08A9AC97AC45D /* BikePhysicsTests.swift */ = {isa = PBXFileReference; lastKnownFileType = sourcecode.swift; path = BikePhysicsTests.swift; sourceTree = "<group>"; };
		E561C43ADF8850900BDDB09C /* BikeInput.swift */ = {isa = PBXFileReference; lastKnownFileType = sourcecode.swift; path = BikeInput.swift; sourceTree = "<group>"; };
		F42D39B677554B10D98890AF /* EndlessResult.swift */ = {isa = PBXFileReference; lastKnownFileType = sourcecode.swift; path = EndlessResult.swift; sourceTree = "<group>"; };
		F5089D9F7ACC1588A143168F /* RoadBuilder.swift */ = {isa = PBXFileReference; lastKnownFileType = sourcecode.swift; path = RoadBuilder.swift; sourceTree = "<group>"; };
		F63BD9118A2101EF4E18C1A5 /* FinishView.swift */ = {isa = PBXFileReference; lastKnownFileType = sourcecode.swift; path = FinishView.swift; sourceTree = "<group>"; };
/* End PBXFileReference section */

/* Begin PBXGroup section */
		08BCF81C787F3929029076EC /* Support */ = {
			isa = PBXGroup;
			children = (
				3F27D23EB7E5AC5FD9DC6D0A /* Constants.swift */,
			);
			path = Support;
			sourceTree = "<group>";
		};
		128573F287D541E2F4AE7041 /* Effects */ = {
			isa = PBXGroup;
			children = (
				0E2467FFC4862EF8F80820FA /* ImpactEffects.swift */,
			);
			path = Effects;
			sourceTree = "<group>";
		};
		13740686B5A1369D684821B2 /* Audio */ = {
			isa = PBXGroup;
			children = (
				D67C1E0C5F5E49CAFA9BF094 /* AudioService.swift */,
			);
			path = Audio;
			sourceTree = "<group>";
		};
		202CCFE4C2CCB6DE2E38FCD1 /* Endless */ = {
			isa = PBXGroup;
			children = (
				51CA1A1A29FE941F565B9E2C /* EndlessController.swift */,
				F42D39B677554B10D98890AF /* EndlessResult.swift */,
				B34F975F3B719D37F44A72EC /* EndlessState.swift */,
			);
			path = Endless;
			sourceTree = "<group>";
		};
		3A1D772BD4BA49D14DC6877A /* Garage */ = {
			isa = PBXGroup;
			children = (
				07D1E12FC94478BB4D865DED /* BikeModel.swift */,
				5B2B292300B2E53DACDEAE45 /* BikeTuning.swift */,
				B9C7B8F28E8E4B25BDDC21AE /* GarageState.swift */,
			);
			path = Garage;
			sourceTree = "<group>";
		};
		3D979D28724A11469CCF0B6D = {
			isa = PBXGroup;
			children = (
				899A997EA0DE589590987AD1 /* RoadRebels */,
				B83EE88165135652E9A2859C /* RoadRebelsTests */,
				D4A44979F155A0F5774F76B2 /* Products */,
			);
			sourceTree = "<group>";
		};
		3F5E16343DB7DE996F67D212 /* Race */ = {
			isa = PBXGroup;
			children = (
				DC3BD1A58DB7686C60A5E3B4 /* RaceConfiguration.swift */,
				D42D2A4A2B023C7CD95E24ED /* RaceController.swift */,
			);
			path = Race;
			sourceTree = "<group>";
		};
		488A54489F97C6B2F75843E1 /* GameCore */ = {
			isa = PBXGroup;
			children = (
				E1692C3D05D91C1E0705F6D9 /* GameLoop.swift */,
				12F2FE67A01AEFE52FBDE208 /* GameState.swift */,
				84B330CECD6625D158DFE8A4 /* SaveManager.swift */,
			);
			path = GameCore;
			sourceTree = "<group>";
		};
		7BBF7C54028D44E89A9E3070 /* Bike */ = {
			isa = PBXGroup;
			children = (
				B05C6A9CE9FC47ADCD209542 /* BikeEntity.swift */,
				E561C43ADF8850900BDDB09C /* BikeInput.swift */,
				7479E881C993429E177DDE96 /* BikePhysics.swift */,
			);
			path = Bike;
			sourceTree = "<group>";
		};
		8276F36373D7ED0012CAA376 /* UI */ = {
			isa = PBXGroup;
			children = (
				9E92ADDCC1C365D083F1F645 /* CareerMapView.swift */,
				C0E78B220B59D6F81A350426 /* EndlessControlsOverlay.swift */,
				7FE7FEFD97DB4FAFA7A95DA1 /* EndlessHUDView.swift */,
				6A324A19F4E93EF833187817 /* EndlessResultView.swift */,
				21431A94B476FAA02F39979F /* EndlessSceneView.swift */,
				70857814EC930DE4BA82B082 /* EndlessView.swift */,
				F63BD9118A2101EF4E18C1A5 /* FinishView.swift */,
				391A0FC01370BBE04262BAA6 /* GameCenterView.swift */,
				ADEEACC855DF4D7C7B88F3F6 /* GarageView.swift */,
				A0D471C7A642F27CE2EFBC88 /* HUDView.swift */,
				9B938D385143363E01155FD9 /* MenuView.swift */,
				CFB8C0994545FB15590529AC /* RaceControlsOverlay.swift */,
				35263B3A9772D144A8AAD84F /* RaceSceneView.swift */,
				A1C09B3E282C56101BC549C5 /* RaceView.swift */,
				E1035C7E65D243E060E26335 /* StoreView.swift */,
			);
			path = UI;
			sourceTree = "<group>";
		};
		82AB9DF0B56AC5FFB144E7EA /* Road */ = {
			isa = PBXGroup;
			children = (
				F5089D9F7ACC1588A143168F /* RoadBuilder.swift */,
				C2968A81A8367A717FD73DEC /* RoadSegment.swift */,
			);
			path = Road;
			sourceTree = "<group>";
		};
		82ED50CA0DB904F75A20B86A /* Haptics */ = {
			isa = PBXGroup;
			children = (
				012CC3F49D62C59E2FAA5303 /* HapticsService.swift */,
			);
			path = Haptics;
			sourceTree = "<group>";
		};
		899A997EA0DE589590987AD1 /* RoadRebels */ = {
			isa = PBXGroup;
			children = (
				C998CD54553AB5230B4AA16E /* Assets.xcassets */,
				1ECA971E121375FEFD29F247 /* Info.plist */,
				BA6CA0EEB6B35882C86C79D9 /* App */,
				13740686B5A1369D684821B2 /* Audio */,
				7BBF7C54028D44E89A9E3070 /* Bike */,
				A435743ADB1AF06CC8CC29E6 /* Camera */,
				F7EEB0DA7801E0063015B496 /* Career */,
				F3C60236AA4E15EFBEAFB4D0 /* Combat */,
				128573F287D541E2F4AE7041 /* Effects */,
				202CCFE4C2CCB6DE2E38FCD1 /* Endless */,
				EAE9A8F981BEF72AE0F3341B /* Enemy */,
				FA86CCE91D1602162EB088A3 /* GameCenter */,
				488A54489F97C6B2F75843E1 /* GameCore */,
				3A1D772BD4BA49D14DC6877A /* Garage */,
				82ED50CA0DB904F75A20B86A /* Haptics */,
				3F5E16343DB7DE996F67D212 /* Race */,
				82AB9DF0B56AC5FFB144E7EA /* Road */,
				C29E05184C514DA52F24323E /* Store */,
				08BCF81C787F3929029076EC /* Support */,
				8DF35AC8A241236A6B30D333 /* Traffic */,
				8276F36373D7ED0012CAA376 /* UI */,
			);
			path = RoadRebels;
			sourceTree = "<group>";
		};
		8DF35AC8A241236A6B30D333 /* Traffic */ = {
			isa = PBXGroup;
			children = (
				8B2AA40362A824C188EC9EEE /* TrafficManager.swift */,
				76AF734B734F904D6AE3544F /* TrafficVehicle.swift */,
			);
			path = Traffic;
			sourceTree = "<group>";
		};
		A435743ADB1AF06CC8CC29E6 /* Camera */ = {
			isa = PBXGroup;
			children = (
				83A60AE4D0FDF0946AAF01B9 /* ChaseCameraController.swift */,
			);
			path = Camera;
			sourceTree = "<group>";
		};
		B83EE88165135652E9A2859C /* RoadRebelsTests */ = {
			isa = PBXGroup;
			children = (
				9A18616CFB0376D829326BCA /* AchievementEvaluatorTests.swift */,
				E547C27D7FE08A9AC97AC45D /* BikePhysicsTests.swift */,
				AA052E17664FCFDCA68618FF /* CareerStateTests.swift */,
				09549C4BC32E0F9BEDD5B6B7 /* EndlessTests.swift */,
				437A7928BAF8066853046E38 /* EnemyAITests.swift */,
				A89A2E8266738B300E763CAB /* GarageTests.swift */,
				1B8561E8D9BB9632C257B875 /* RaceControllerSmokeTests.swift */,
				61E90E1782502D4F68D515DB /* StoreProductIDTests.swift */,
			);
			path = RoadRebelsTests;
			sourceTree = "<group>";
		};
		BA6CA0EEB6B35882C86C79D9 /* App */ = {
			isa = PBXGroup;
			children = (
				8596600C94C3D1B62D888A4D /* RoadRebelsApp.swift */,
				7FE285B2E6A966478EB1D281 /* RootView.swift */,
			);
			path = App;
			sourceTree = "<group>";
		};
		C29E05184C514DA52F24323E /* Store */ = {
			isa = PBXGroup;
			children = (
				D00B06F32EE232F812D63587 /* PurchaseCoordinator.swift */,
				7EC0250D7B692F485674C67D /* StoreProductID.swift */,
				307FD4654CD201CCD14E6179 /* StoreService.swift */,
			);
			path = Store;
			sourceTree = "<group>";
		};
		D4A44979F155A0F5774F76B2 /* Products */ = {
			isa = PBXGroup;
			children = (
				CAB2EA57295C626BB5D21850 /* RoadRebels.app */,
				399F81DD3A82D49C928543C7 /* RoadRebelsTests.xctest */,
			);
			name = Products;
			sourceTree = "<group>";
		};
		EAE9A8F981BEF72AE0F3341B /* Enemy */ = {
			isa = PBXGroup;
			children = (
				325B5C799497641B17A118DF /* EnemyAIState.swift */,
				305150C47D8DD1D861787E17 /* EnemyArchetype.swift */,
				996DBCC4AB0E7F19D155D5F6 /* EnemyRider.swift */,
				903052158492A9E162DC357C /* RivalProfile.swift */,
			);
			path = Enemy;
			sourceTree = "<group>";
		};
		F3C60236AA4E15EFBEAFB4D0 /* Combat */ = {
			isa = PBXGroup;
			children = (
				22F6DB6AC6136F4244D84037 /* CombatComponent.swift */,
				2DCAE05B9737E1A2D0238074 /* HitReaction.swift */,
			);
			path = Combat;
			sourceTree = "<group>";
		};
		F7EEB0DA7801E0063015B496 /* Career */ = {
			isa = PBXGroup;
			children = (
				D3060510905B6662D9EB7488 /* CareerContent.swift */,
				2F4789AC54C5728B40872817 /* CareerModels.swift */,
				C6ABD97373BC1802A9EEE2E5 /* CareerState.swift */,
			);
			path = Career;
			sourceTree = "<group>";
		};
		FA86CCE91D1602162EB088A3 /* GameCenter */ = {
			isa = PBXGroup;
			children = (
				5878D8865212500D00A51416 /* AchievementEvaluator.swift */,
				55891B4533B82D6169608BB9 /* GameCenterModels.swift */,
				12616837C5A6D5D46C16275A /* GameCenterService.swift */,
				8DE4513A311E057131FAB326 /* PlayerStatsState.swift */,
				A797DB12F7B226EBDD90B342 /* ProgressionCoordinator.swift */,
			);
			path = GameCenter;
			sourceTree = "<group>";
		};
/* End PBXGroup section */

/* Begin PBXNativeTarget section */
		27582C28D83D47E5152355B6 /* RoadRebels */ = {
			isa = PBXNativeTarget;
			buildConfigurationList = 6C8019D47CD6F6FC6A5CD1C5 /* Build configuration list for PBXNativeTarget "RoadRebels" */;
			buildPhases = (
				251D98B3B9E97FC6A6E8EED4 /* Sources */,
				712AB9E51E48B40C8C81D427 /* Resources */,
			);
			buildRules = (
			);
			dependencies = (
			);
			name = RoadRebels;
			packageProductDependencies = (
			);
			productName = RoadRebels;
			productReference = CAB2EA57295C626BB5D21850 /* RoadRebels.app */;
			productType = "com.apple.product-type.application";
		};
		2EB1E94BB2941321324A9EB4 /* RoadRebelsTests */ = {
			isa = PBXNativeTarget;
			buildConfigurationList = 70F754F0B3B739DA7B97340E /* Build configuration list for PBXNativeTarget "RoadRebelsTests" */;
			buildPhases = (
				789093AD244F983910AEB1BB /* Sources */,
			);
			buildRules = (
			);
			dependencies = (
				55FBA834E5DF6F1E2DE83D9F /* PBXTargetDependency */,
			);
			name = RoadRebelsTests;
			packageProductDependencies = (
			);
			productName = RoadRebelsTests;
			productReference = 399F81DD3A82D49C928543C7 /* RoadRebelsTests.xctest */;
			productType = "com.apple.product-type.bundle.unit-test";
		};
/* End PBXNativeTarget section */

/* Begin PBXProject section */
		AC5D4D6B5FD016CF0D5CE467 /* Project object */ = {
			isa = PBXProject;
			attributes = {
				BuildIndependentTargetsInParallel = YES;
				LastUpgradeCheck = 1430;
				TargetAttributes = {
					27582C28D83D47E5152355B6 = {
						DevelopmentTeam = "";
						ProvisioningStyle = Automatic;
					};
					2EB1E94BB2941321324A9EB4 = {
						DevelopmentTeam = "";
						ProvisioningStyle = Automatic;
					};
				};
			};
			buildConfigurationList = C60DB6E9EF5D9A28D8CBAE94 /* Build configuration list for PBXProject "RoadRebels" */;
			developmentRegion = en;
			hasScannedForEncodings = 0;
			knownRegions = (
				Base,
				en,
			);
			mainGroup = 3D979D28724A11469CCF0B6D;
			minimizedProjectReferenceProxies = 1;
			preferredProjectObjectVersion = 77;
			productRefGroup = D4A44979F155A0F5774F76B2 /* Products */;
			projectDirPath = "";
			projectRoot = "";
			targets = (
				27582C28D83D47E5152355B6 /* RoadRebels */,
				2EB1E94BB2941321324A9EB4 /* RoadRebelsTests */,
			);
		};
/* End PBXProject section */

/* Begin PBXResourcesBuildPhase section */
		712AB9E51E48B40C8C81D427 /* Resources */ = {
			isa = PBXResourcesBuildPhase;
			buildActionMask = 2147483647;
			files = (
				97726D7F6C2260291F272E07 /* Assets.xcassets in Resources */,
			);
			runOnlyForDeploymentPostprocessing = 0;
		};
/* End PBXResourcesBuildPhase section */

/* Begin PBXSourcesBuildPhase section */
		251D98B3B9E97FC6A6E8EED4 /* Sources */ = {
			isa = PBXSourcesBuildPhase;
			buildActionMask = 2147483647;
			files = (
				2949CC21BDCF89F9D9873745 /* AchievementEvaluator.swift in Sources */,
				4A7006FAA5331CCA8171D704 /* AudioService.swift in Sources */,
				8DBF282A7DB7F0345F98849B /* BikeEntity.swift in Sources */,
				CCBE9863A8A2AD69B1344D18 /* BikeInput.swift in Sources */,
				362FC7BFD9FF2C157ACB478C /* BikeModel.swift in Sources */,
				B50B53E930B6B637B1B87D92 /* BikePhysics.swift in Sources */,
				8840172020104C6340968B8B /* BikeTuning.swift in Sources */,
				9FEA8429FF46FC2C7EE3D4DC /* CareerContent.swift in Sources */,
				AF0777FC2FAFE9D234CB88C4 /* CareerMapView.swift in Sources */,
				48619D5273298EB57B91ECFF /* CareerModels.swift in Sources */,
				895B8694BBF8C9415E4C5A3D /* CareerState.swift in Sources */,
				F867DE3235115D66632D18E3 /* ChaseCameraController.swift in Sources */,
				2D9493FD86DC65A5A79CBC82 /* CombatComponent.swift in Sources */,
				188EEBB3A3A59A4403EEBB22 /* Constants.swift in Sources */,
				71E2A505751DDB42829FE967 /* EndlessController.swift in Sources */,
				CB9A51D1A35C084E5395DEA3 /* EndlessControlsOverlay.swift in Sources */,
				3F7A7ED6812DADA2293112A0 /* EndlessHUDView.swift in Sources */,
				44977D94DF098D89F6BB99BF /* EndlessResult.swift in Sources */,
				9EB81708A8C5368E4E221354 /* EndlessResultView.swift in Sources */,
				13B377CA3992E5720CFC84EB /* EndlessSceneView.swift in Sources */,
				06FDFAF0160670AE64F8FC51 /* EndlessState.swift in Sources */,
				35F903A18F82EE03E59CCEA1 /* EndlessView.swift in Sources */,
				CCD7B6A5129E4C738E9C0D04 /* EnemyAIState.swift in Sources */,
				06D7AA444FFD647D6F9D8A66 /* EnemyArchetype.swift in Sources */,
				301AA909D928A77C09E5E15F /* EnemyRider.swift in Sources */,
				713C9CF9798BEE92616B14B0 /* FinishView.swift in Sources */,
				9473395FE1D6970E55F859AD /* GameCenterModels.swift in Sources */,
				9BD27EE4624583240859B26E /* GameCenterService.swift in Sources */,
				BB7A92D33FA32A73B378227B /* GameCenterView.swift in Sources */,
				A85170B972075057C25FA7F5 /* GameLoop.swift in Sources */,
				9FA43A79DF335B586160D877 /* GameState.swift in Sources */,
				72794ED3EA7655BB12450F34 /* GarageState.swift in Sources */,
				6847EC9CBC1DD941C5E1800B /* GarageView.swift in Sources */,
				489468662EB5F4750936C040 /* HUDView.swift in Sources */,
				71BD7D054F2BC7C5A799D184 /* HapticsService.swift in Sources */,
				5B8416EC68B99256E88BC858 /* HitReaction.swift in Sources */,
				DC64A7E21EB1F1EF7D0624DC /* ImpactEffects.swift in Sources */,
				53B8D27A21453F2732CFE0FD /* MenuView.swift in Sources */,
				2A62C35A879574622CA4089C /* PlayerStatsState.swift in Sources */,
				E2B42ADC9530765B44126BEC /* ProgressionCoordinator.swift in Sources */,
				E548BD0ACA3B4E1D48EE5C0A /* PurchaseCoordinator.swift in Sources */,
				9034B63E8D2CA4476BA00F54 /* RaceConfiguration.swift in Sources */,
				3EFB31206308DAC3960CF30B /* RaceController.swift in Sources */,
				311177062C34026E546B25FE /* RaceControlsOverlay.swift in Sources */,
				23CABFFBBF682F7EC7BF2D59 /* RaceSceneView.swift in Sources */,
				A241CD01FE1C2A9990B0D248 /* RaceView.swift in Sources */,
				6F55A1AC2BDCC3A605D1582E /* RivalProfile.swift in Sources */,
				5C6B68DF6CC573FAD566704B /* RoadBuilder.swift in Sources */,
				B18E592294DBF89818283A1A /* RoadRebelsApp.swift in Sources */,
				56B3713799FE083B85357B10 /* RoadSegment.swift in Sources */,
				F7C3EEA5E04ED0F98CF30257 /* RootView.swift in Sources */,
				D6515EC86BE7567D82DB76CC /* SaveManager.swift in Sources */,
				A0D874B1C0718D691D76A2D3 /* StoreProductID.swift in Sources */,
				587DE66784E83DAADCA7A382 /* StoreService.swift in Sources */,
				E73D988408566E6688FFE402 /* StoreView.swift in Sources */,
				BCD839F90FD536E37DF5E2B7 /* TrafficManager.swift in Sources */,
				862728461D65B80C30E6C105 /* TrafficVehicle.swift in Sources */,
			);
			runOnlyForDeploymentPostprocessing = 0;
		};
		789093AD244F983910AEB1BB /* Sources */ = {
			isa = PBXSourcesBuildPhase;
			buildActionMask = 2147483647;
			files = (
				EF47C6AE8DBB3A43043E3C4A /* AchievementEvaluatorTests.swift in Sources */,
				7E77DD3567692103DCF96BAB /* BikePhysicsTests.swift in Sources */,
				41A38F09B87186DAA2373A7D /* CareerStateTests.swift in Sources */,
				80BB8F719E2C3F155E42102A /* EndlessTests.swift in Sources */,
				08697E81EF62925D9653413C /* EnemyAITests.swift in Sources */,
				596A482DCC84E443CAD79156 /* GarageTests.swift in Sources */,
				541CB1807A3CA30927123176 /* RaceControllerSmokeTests.swift in Sources */,
				684C4632DBE28A3DD6E04508 /* StoreProductIDTests.swift in Sources */,
			);
			runOnlyForDeploymentPostprocessing = 0;
		};
/* End PBXSourcesBuildPhase section */

/* Begin PBXTargetDependency section */
		55FBA834E5DF6F1E2DE83D9F /* PBXTargetDependency */ = {
			isa = PBXTargetDependency;
			target = 27582C28D83D47E5152355B6 /* RoadRebels */;
			targetProxy = 5BACE77F43E30E9E058D5587 /* PBXContainerItemProxy */;
		};
/* End PBXTargetDependency section */

/* Begin XCBuildConfiguration section */
		1CF46962ACFE30DB9A27A73C /* Release */ = {
			isa = XCBuildConfiguration;
			buildSettings = {
				ALWAYS_SEARCH_USER_PATHS = NO;
				CLANG_ANALYZER_NONNULL = YES;
				CLANG_ANALYZER_NUMBER_OBJECT_CONVERSION = YES_AGGRESSIVE;
				CLANG_CXX_LANGUAGE_STANDARD = "gnu++14";
				CLANG_CXX_LIBRARY = "libc++";
				CLANG_ENABLE_MODULES = YES;
				CLANG_ENABLE_OBJC_ARC = YES;
				CLANG_ENABLE_OBJC_WEAK = YES;
				CLANG_WARN_BLOCK_CAPTURE_AUTORELEASING = YES;
				CLANG_WARN_BOOL_CONVERSION = YES;
				CLANG_WARN_COMMA = YES;
				CLANG_WARN_CONSTANT_CONVERSION = YES;
				CLANG_WARN_DEPRECATED_OBJC_IMPLEMENTATIONS = YES;
				CLANG_WARN_DIRECT_OBJC_ISA_USAGE = YES_ERROR;
				CLANG_WARN_DOCUMENTATION_COMMENTS = YES;
				CLANG_WARN_EMPTY_BODY = YES;
				CLANG_WARN_ENUM_CONVERSION = YES;
				CLANG_WARN_INFINITE_RECURSION = YES;
				CLANG_WARN_INT_CONVERSION = YES;
				CLANG_WARN_NON_LITERAL_NULL_CONVERSION = YES;
				CLANG_WARN_OBJC_IMPLICIT_RETAIN_SELF = YES;
				CLANG_WARN_OBJC_LITERAL_CONVERSION = YES;
				CLANG_WARN_OBJC_ROOT_CLASS = YES_ERROR;
				CLANG_WARN_QUOTED_INCLUDE_IN_FRAMEWORK_HEADER = YES;
				CLANG_WARN_RANGE_LOOP_ANALYSIS = YES;
				CLANG_WARN_STRICT_PROTOTYPES = YES;
				CLANG_WARN_SUSPICIOUS_MOVE = YES;
				CLANG_WARN_UNGUARDED_AVAILABILITY = YES_AGGRESSIVE;
				CLANG_WARN_UNREACHABLE_CODE = YES;
				CLANG_WARN__DUPLICATE_METHOD_MATCH = YES;
				CODE_SIGN_STYLE = Automatic;
				COPY_PHASE_STRIP = NO;
				DEBUG_INFORMATION_FORMAT = "dwarf-with-dsym";
				DEVELOPMENT_TEAM = "";
				ENABLE_NS_ASSERTIONS = NO;
				ENABLE_STRICT_OBJC_MSGSEND = YES;
				GCC_C_LANGUAGE_STANDARD = gnu11;
				GCC_NO_COMMON_BLOCKS = YES;
				GCC_WARN_64_TO_32_BIT_CONVERSION = YES;
				GCC_WARN_ABOUT_RETURN_TYPE = YES_ERROR;
				GCC_WARN_UNDECLARED_SELECTOR = YES;
				GCC_WARN_UNINITIALIZED_AUTOS = YES_AGGRESSIVE;
				GCC_WARN_UNUSED_FUNCTION = YES;
				GCC_WARN_UNUSED_VARIABLE = YES;
				IPHONEOS_DEPLOYMENT_TARGET = 18.0;
				MTL_ENABLE_DEBUG_INFO = NO;
				MTL_FAST_MATH = YES;
				PRODUCT_NAME = "$(TARGET_NAME)";
				SDKROOT = iphoneos;
				SWIFT_COMPILATION_MODE = wholemodule;
				SWIFT_OPTIMIZATION_LEVEL = "-O";
				SWIFT_VERSION = 5.0;
				TARGETED_DEVICE_FAMILY = 1;
			};
			name = Release;
		};
		4C6BE9052F5FC90469FE570F /* Debug */ = {
			isa = XCBuildConfiguration;
			buildSettings = {
				BUNDLE_LOADER = "$(TEST_HOST)";
				GENERATE_INFOPLIST_FILE = YES;
				LD_RUNPATH_SEARCH_PATHS = (
					"$(inherited)",
					"@executable_path/Frameworks",
					"@loader_path/Frameworks",
				);
				PRODUCT_BUNDLE_IDENTIFIER = com.roadrebels.RoadRebelsTests;
				SDKROOT = iphoneos;
				TARGETED_DEVICE_FAMILY = "1,2";
				TEST_HOST = "$(BUILT_PRODUCTS_DIR)/RoadRebels.app/RoadRebels";
			};
			name = Debug;
		};
		553B828E2B6FE69B8E4EF688 /* Release */ = {
			isa = XCBuildConfiguration;
			buildSettings = {
				ASSETCATALOG_COMPILER_APPICON_NAME = AppIcon;
				CODE_SIGN_IDENTITY = "iPhone Developer";
				ENABLE_PREVIEWS = YES;
				GENERATE_INFOPLIST_FILE = NO;
				INFOPLIST_FILE = RoadRebels/Info.plist;
				LD_RUNPATH_SEARCH_PATHS = (
					"$(inherited)",
					"@executable_path/Frameworks",
				);
				PRODUCT_BUNDLE_IDENTIFIER = com.roadrebels.game;
				SDKROOT = iphoneos;
				TARGETED_DEVICE_FAMILY = "1,2";
			};
			name = Release;
		};
		78707B08A1C0D9441E2F2E50 /* Release */ = {
			isa = XCBuildConfiguration;
			buildSettings = {
				BUNDLE_LOADER = "$(TEST_HOST)";
				GENERATE_INFOPLIST_FILE = YES;
				LD_RUNPATH_SEARCH_PATHS = (
					"$(inherited)",
					"@executable_path/Frameworks",
					"@loader_path/Frameworks",
				);
				PRODUCT_BUNDLE_IDENTIFIER = com.roadrebels.RoadRebelsTests;
				SDKROOT = iphoneos;
				TARGETED_DEVICE_FAMILY = "1,2";
				TEST_HOST = "$(BUILT_PRODUCTS_DIR)/RoadRebels.app/RoadRebels";
			};
			name = Release;
		};
		C38A1431E48D0DB82E12ED58 /* Debug */ = {
			isa = XCBuildConfiguration;
			buildSettings = {
				ASSETCATALOG_COMPILER_APPICON_NAME = AppIcon;
				CODE_SIGN_IDENTITY = "iPhone Developer";
				ENABLE_PREVIEWS = YES;
				GENERATE_INFOPLIST_FILE = NO;
				INFOPLIST_FILE = RoadRebels/Info.plist;
				LD_RUNPATH_SEARCH_PATHS = (
					"$(inherited)",
					"@executable_path/Frameworks",
				);
				PRODUCT_BUNDLE_IDENTIFIER = com.roadrebels.game;
				SDKROOT = iphoneos;
				TARGETED_DEVICE_FAMILY = "1,2";
			};
			name = Debug;
		};
		F4A73B71C8F85CE5997D8F47 /* Debug */ = {
			isa = XCBuildConfiguration;
			buildSettings = {
				ALWAYS_SEARCH_USER_PATHS = NO;
				CLANG_ANALYZER_NONNULL = YES;
				CLANG_ANALYZER_NUMBER_OBJECT_CONVERSION = YES_AGGRESSIVE;
				CLANG_CXX_LANGUAGE_STANDARD = "gnu++14";
				CLANG_CXX_LIBRARY = "libc++";
				CLANG_ENABLE_MODULES = YES;
				CLANG_ENABLE_OBJC_ARC = YES;
				CLANG_ENABLE_OBJC_WEAK = YES;
				CLANG_WARN_BLOCK_CAPTURE_AUTORELEASING = YES;
				CLANG_WARN_BOOL_CONVERSION = YES;
				CLANG_WARN_COMMA = YES;
				CLANG_WARN_CONSTANT_CONVERSION = YES;
				CLANG_WARN_DEPRECATED_OBJC_IMPLEMENTATIONS = YES;
				CLANG_WARN_DIRECT_OBJC_ISA_USAGE = YES_ERROR;
				CLANG_WARN_DOCUMENTATION_COMMENTS = YES;
				CLANG_WARN_EMPTY_BODY = YES;
				CLANG_WARN_ENUM_CONVERSION = YES;
				CLANG_WARN_INFINITE_RECURSION = YES;
				CLANG_WARN_INT_CONVERSION = YES;
				CLANG_WARN_NON_LITERAL_NULL_CONVERSION = YES;
				CLANG_WARN_OBJC_IMPLICIT_RETAIN_SELF = YES;
				CLANG_WARN_OBJC_LITERAL_CONVERSION = YES;
				CLANG_WARN_OBJC_ROOT_CLASS = YES_ERROR;
				CLANG_WARN_QUOTED_INCLUDE_IN_FRAMEWORK_HEADER = YES;
				CLANG_WARN_RANGE_LOOP_ANALYSIS = YES;
				CLANG_WARN_STRICT_PROTOTYPES = YES;
				CLANG_WARN_SUSPICIOUS_MOVE = YES;
				CLANG_WARN_UNGUARDED_AVAILABILITY = YES_AGGRESSIVE;
				CLANG_WARN_UNREACHABLE_CODE = YES;
				CLANG_WARN__DUPLICATE_METHOD_MATCH = YES;
				CODE_SIGN_STYLE = Automatic;
				COPY_PHASE_STRIP = NO;
				DEBUG_INFORMATION_FORMAT = dwarf;
				DEVELOPMENT_TEAM = "";
				ENABLE_STRICT_OBJC_MSGSEND = YES;
				ENABLE_TESTABILITY = YES;
				GCC_C_LANGUAGE_STANDARD = gnu11;
				GCC_DYNAMIC_NO_PIC = NO;
				GCC_NO_COMMON_BLOCKS = YES;
				GCC_OPTIMIZATION_LEVEL = 0;
				GCC_PREPROCESSOR_DEFINITIONS = (
					"$(inherited)",
					"DEBUG=1",
				);
				GCC_WARN_64_TO_32_BIT_CONVERSION = YES;
				GCC_WARN_ABOUT_RETURN_TYPE = YES_ERROR;
				GCC_WARN_UNDECLARED_SELECTOR = YES;
				GCC_WARN_UNINITIALIZED_AUTOS = YES_AGGRESSIVE;
				GCC_WARN_UNUSED_FUNCTION = YES;
				GCC_WARN_UNUSED_VARIABLE = YES;
				IPHONEOS_DEPLOYMENT_TARGET = 18.0;
				MTL_ENABLE_DEBUG_INFO = INCLUDE_SOURCE;
				MTL_FAST_MATH = YES;
				ONLY_ACTIVE_ARCH = YES;
				PRODUCT_NAME = "$(TARGET_NAME)";
				SDKROOT = iphoneos;
				SWIFT_ACTIVE_COMPILATION_CONDITIONS = DEBUG;
				SWIFT_OPTIMIZATION_LEVEL = "-Onone";
				SWIFT_VERSION = 5.0;
				TARGETED_DEVICE_FAMILY = 1;
			};
			name = Debug;
		};
/* End XCBuildConfiguration section */

/* Begin XCConfigurationList section */
		6C8019D47CD6F6FC6A5CD1C5 /* Build configuration list for PBXNativeTarget "RoadRebels" */ = {
			isa = XCConfigurationList;
			buildConfigurations = (
				C38A1431E48D0DB82E12ED58 /* Debug */,
				553B828E2B6FE69B8E4EF688 /* Release */,
			);
			defaultConfigurationIsVisible = 0;
			defaultConfigurationName = Debug;
		};
		70F754F0B3B739DA7B97340E /* Build configuration list for PBXNativeTarget "RoadRebelsTests" */ = {
			isa = XCConfigurationList;
			buildConfigurations = (
				4C6BE9052F5FC90469FE570F /* Debug */,
				78707B08A1C0D9441E2F2E50 /* Release */,
			);
			defaultConfigurationIsVisible = 0;
			defaultConfigurationName = Debug;
		};
		C60DB6E9EF5D9A28D8CBAE94 /* Build configuration list for PBXProject "RoadRebels" */ = {
			isa = XCConfigurationList;
			buildConfigurations = (
				F4A73B71C8F85CE5997D8F47 /* Debug */,
				1CF46962ACFE30DB9A27A73C /* Release */,
			);
			defaultConfigurationIsVisible = 0;
			defaultConfigurationName = Debug;
		};
/* End XCConfigurationList section */
	};
	rootObject = AC5D4D6B5FD016CF0D5CE467 /* Project object */;
}
